
Microsoft Visual Studio Solution File, Format Version 12.00
# Visual Studio 15
VisualStudioVersion = 15.0.28307.645
MinimumVisualStudioVersion = 10.0.40219.1
Project("{FAE04EC0-301F-11D3-BF4B-00C04F79EFBC}") = "tpzslaba10", "tpzslaba10\tpzslaba10.csproj", "{D57F6EE0-E3B4-44ED-BBA2-DF413BC9D791}"
EndProject
Global
	GlobalSection(SolutionConfigurationPlatforms) = preSolution
		Debug|Any CPU = Debug|Any CPU
		Release|Any CPU = Release|Any CPU
	EndGlobalSection
	GlobalSection(ProjectConfigurationPlatforms) = postSolution
		{D57F6EE0-E3B4-44ED-BBA2-DF413BC9D791}.Debug|Any CPU.ActiveCfg = Debug|Any CPU
		{D57F6EE0-E3B4-44ED-BBA2-DF413BC9D791}.Debug|Any CPU.Build.0 = Debug|Any CPU
		{D57F6EE0-E3B4-44ED-BBA2-DF413BC9D791}.Release|Any CPU.ActiveCfg = Release|Any CPU
		{D57F6EE0-E3B4-44ED-BBA2-DF413BC9D791}.Release|Any CPU.Build.0 = Release|Any CPU
	EndGlobalSection
	GlobalSection(SolutionProperties) = preSolution
		HideSolutionNode = FALSE
	EndGlobalSection
	GlobalSection(ExtensibilityGlobals) = postSolution
		SolutionGuid = {B6338B4C-7F7E-4362-846A-D75D125DAA60}
	EndGlobalSection
EndGlobal
